
Microsoft Visual Studio Solution File, Format Version 12.00
# Visual Studio Version 17
VisualStudioVersion = 17.0.31903.59
MinimumVisualStudioVersion = 10.0.40219.1
Project("{FAE04EC0-301F-11D3-BF4B-00C04F79EFBC}") = "HotelParcer", "HotelParcer.csproj", "{F2D4EC28-867C-4AEF-B872-F7E493BFFACA}"
EndProject
Global
	GlobalSection(SolutionConfigurationPlatforms) = preSolution
		Debug|Any CPU = Debug|Any CPU
		Release|Any CPU = Release|Any CPU
	EndGlobalSection
	GlobalSection(SolutionProperties) = preSolution
		HideSolutionNode = FALSE
	EndGlobalSection
	GlobalSection(ProjectConfigurationPlatforms) = postSolution
		{F2D4EC28-867C-4AEF-B872-F7E493BFFACA}.Debug|Any CPU.ActiveCfg = Debug|Any CPU
		{F2D4EC28-867C-4AEF-B872-F7E493BFFACA}.Debug|Any CPU.Build.0 = Debug|Any CPU
		{F2D4EC28-867C-4AEF-B872-F7E493BFFACA}.Release|Any CPU.ActiveCfg = Release|Any CPU
		{F2D4EC28-867C-4AEF-B872-F7E493BFFACA}.Release|Any CPU.Build.0 = Release|Any CPU
	EndGlobalSection
EndGlobal
